
Microsoft Visual Studio Solution File, Format Version 12.00
# Visual Studio Version 17
VisualStudioVersion = 17.8.34309.116
MinimumVisualStudioVersion = 10.0.40219.1
Project("{FAE04EC0-301F-11D3-BF4B-00C04F79EFBC}") = "SalesWebMvc", "SalesWebMvc\SalesWebMvc.csproj", "{2E64F972-64CB-457F-9DE5-CE375B0603D6}"
EndProject
Global
	GlobalSection(SolutionConfigurationPlatforms) = preSolution
		Debug|Any CPU = Debug|Any CPU
		Release|Any CPU = Release|Any CPU
	EndGlobalSection
	GlobalSection(ProjectConfigurationPlatforms) = postSolution
		{2E64F972-64CB-457F-9DE5-CE375B0603D6}.Debug|Any CPU.ActiveCfg = Debug|Any CPU
		{2E64F972-64CB-457F-9DE5-CE375B0603D6}.Debug|Any CPU.Build.0 = Debug|Any CPU
		{2E64F972-64CB-457F-9DE5-CE375B0603D6}.Release|Any CPU.ActiveCfg = Release|Any CPU
		{2E64F972-64CB-457F-9DE5-CE375B0603D6}.Release|Any CPU.Build.0 = Release|Any CPU
	EndGlobalSection
	GlobalSection(SolutionProperties) = preSolution
		HideSolutionNode = FALSE
	EndGlobalSection
	GlobalSection(ExtensibilityGlobals) = postSolution
		SolutionGuid = {204B6A22-7235-49BE-9167-F45C9BBE54C6}
	EndGlobalSection
EndGlobal
